// !$*UTF8*$!
{
	archiveVersion = 1;
	classes = {
	};
	objectVersion = 46;
	objects = {

/* Begin PBXBuildFile section */
		AC7569371F7E3AD10046486D /* AppDelegate.swift in Sources */ = {isa = PBXBuildFile; fileRef = AC7569361F7E3AD10046486D /* AppDelegate.swift */; };
		AC7569391F7E3AD10046486D /* ViewController.swift in Sources */ = {isa = PBXBuildFile; fileRef = AC7569381F7E3AD10046486D /* ViewController.swift */; };
		AC75693C1F7E3AD10046486D /* Main.storyboard in Resources */ = {isa = PBXBuildFile; fileRef = AC75693A1F7E3AD10046486D /* Main.storyboard */; };
		AC75693E1F7E3AD10046486D /* Assets.xcassets in Resources */ = {isa = PBXBuildFile; fileRef = AC75693D1F7E3AD10046486D /* Assets.xcassets */; };
		AC7569411F7E3AD10046486D /* LaunchScreen.storyboard in Resources */ = {isa = PBXBuildFile; fileRef = AC75693F1F7E3AD10046486D /* LaunchScreen.storyboard */; };
		ACC825261F7E3B9F0080B4AE /* TrailContainer.swift in Sources */ = {isa = PBXBuildFile; fileRef = ACC825251F7E3B9F0080B4AE /* TrailContainer.swift */; };
/* End PBXBuildFile section */

/* Begin PBXFileReference section */
		AC7569331F7E3AD10046486D /* TrailingLine.app */ = {isa = PBXFileReference; explicitFileType = wrapper.application; includeInIndex = 0; path = TrailingLine.app; sourceTree = BUILT_PRODUCTS_DIR; };
		AC7569361F7E3AD10046486D /* AppDelegate.swift */ = {isa = PBXFileReference; lastKnownFileType = sourcecode.swift; path = AppDelegate.swift; sourceTree = "<group>"; };
		AC7569381F7E3AD10046486D /* ViewController.swift */ = {isa = PBXFileReference; lastKnownFileType = sourcecode.swift; path = ViewController.swift; sourceTree = "<group>"; };
		AC75693B1F7E3AD10046486D /* Base */ = {isa = PBXFileReference; lastKnownFileType = file.storyboard; name = Base; path = Base.lproj/Main.storyboard; sourceTree = "<group>"; };
		AC75693D1F7E3AD10046486D /* Assets.xcassets */ = {isa = PBXFileReference; lastKnownFileType = folder.assetcatalog; path = Assets.xcassets; sourceTree = "<group>"; };
		AC7569401F7E3AD10046486D /* Base */ = {isa = PBXFileReference; lastKnownFileType = file.storyboard; name = Base; path = Base.lproj/LaunchScreen.storyboard; sourceTree = "<group>"; };
		AC7569421F7E3AD10046486D /* Info.plist */ = {isa = PBXFileReference; lastKnownFileType = text.plist.xml; path = Info.plist; sourceTree = "<group>"; };
		ACC825251F7E3B9F0080B4AE /* TrailContainer.swift */ = {isa = PBXFileReference; lastKnownFileType = sourcecode.swift; path = TrailContainer.swift; sourceTree = "<group>"; };
/* End PBXFileReference section */

/* Begin PBXFrameworksBuildPhase section */
		AC7569301F7E3AD10046486D /* Frameworks */ = {
			isa = PBXFrameworksBuildPhase;
			buildActionMask = 2147483647;
			files = (
			);
			runOnlyForDeploymentPostprocessing = 0;
		};
/* End PBXFrameworksBuildPhase section */

/* Begin PBXGroup section */
		AC75692A1F7E3AD10046486D = {
			isa = PBXGroup;
			children = (
				AC7569351F7E3AD10046486D /* TrailingLine */,
				AC7569341F7E3AD10046486D /* Products */,
			);
			sourceTree = "<group>";
		};
		AC7569341F7E3AD10046486D /* Products */ = {
			isa = PBXGroup;
			children = (
				AC7569331F7E3AD10046486D /* TrailingLine.app */,
			);
			name = Products;
			sourceTree = "<group>";
		};
		AC7569351F7E3AD10046486D /* TrailingLine */ = {
			isa = PBXGroup;
			children = (
				AC7569361F7E3AD10046486D /* AppDelegate.swift */,
				AC7569381F7E3AD10046486D /* ViewController.swift */,
				AC75693A1F7E3AD10046486D /* Main.storyboard */,
				AC75693D1F7E3AD10046486D /* Assets.xcassets */,
				AC75693F1F7E3AD10046486D /* LaunchScreen.storyboard */,
				AC7569421F7E3AD10046486D /* Info.plist */,
				ACC825251F7E3B9F0080B4AE /* TrailContainer.swift */,
			);
			path = TrailingLine;
			sourceTree = "<group>";
		};
/* End PBXGroup section */

/* Begin PBXNativeTarget section */
		AC7569321F7E3AD10046486D /* TrailingLine */ = {
			isa = PBXNativeTarget;
			buildConfigurationList = AC7569451F7E3AD10046486D /* Build configuration list for PBXNativeTarget "TrailingLine" */;
			buildPhases = (
				AC75692F1F7E3AD10046486D /* Sources */,
				AC7569301F7E3AD10046486D /* Frameworks */,
				AC7569311F7E3AD10046486D /* Resources */,
			);
			buildRules = (
			);
			dependencies = (
			);
			name = TrailingLine;
			productName = TrailingLine;
			productReference = AC7569331F7E3AD10046486D /* TrailingLine.app */;
			productType = "com.apple.product-type.application";
		};
/* End PBXNativeTarget section */

/* Begin PBXProject section */
		AC75692B1F7E3AD10046486D /* Project object */ = {
			isa = PBXProject;
			attributes = {
				LastSwiftUpdateCheck = 0830;
				LastUpgradeCheck = 0830;
				ORGANIZATIONNAME = "Naveen Nautiyal";
				TargetAttributes = {
					AC7569321F7E3AD10046486D = {
						CreatedOnToolsVersion = 8.3.2;
						DevelopmentTeam = SYLT36L949;
						ProvisioningStyle = Automatic;
					};
				};
			};
			buildConfigurationList = AC75692E1F7E3AD10046486D /* Build configuration list for PBXProject "TrailingLine" */;
			compatibilityVersion = "Xcode 3.2";
			developmentRegion = English;
			hasScannedForEncodings = 0;
			knownRegions = (
				en,
				Base,
			);
			mainGroup = AC75692A1F7E3AD10046486D;
			productRefGroup = AC7569341F7E3AD10046486D /* Products */;
			projectDirPath = "";
			projectRoot = "";
			targets = (
				AC7569321F7E3AD10046486D /* TrailingLine */,
			);
		};
/* End PBXProject section */

/* Begin PBXResourcesBuildPhase section */
		AC7569311F7E3AD10046486D /* Resources */ = {
			isa = PBXResourcesBuildPhase;
			buildActionMask = 2147483647;
			files = (
				AC7569411F7E3AD10046486D /* LaunchScreen.storyboard in Resources */,
				AC75693E1F7E3AD10046486D /* Assets.xcassets in Resources */,
				AC75693C1F7E3AD10046486D /* Main.storyboard in Resources */,
			);
			runOnlyForDeploymentPostprocessing = 0;
		};
/* End PBXResourcesBuildPhase section */

/* Begin PBXSourcesBuildPhase section */
		AC75692F1F7E3AD10046486D /* Sources */ = {
			isa = PBXSourcesBuildPhase;
			buildActionMask = 2147483647;
			files = (
				AC7569391F7E3AD10046486D /* ViewController.swift in Sources */,
				AC7569371F7E3AD10046486D /* AppDelegate.swift in Sources */,
				ACC825261F7E3B9F0080B4AE /* TrailContainer.swift in Sources */,
			);
			runOnlyForDeploymentPostprocessing = 0;
		};
/* End PBXSourcesBuildPhase section */

/* Begin PBXVariantGroup section */
		AC75693A1F7E3AD10046486D /* Main.storyboard */ = {
			isa = PBXVariantGroup;
			children = (
				AC75693B1F7E3AD10046486D /* Base */,
			);
			name = Main.storyboard;
			sourceTree = "<group>";
		};
		AC75693F1F7E3AD10046486D /* LaunchScreen.storyboard */ = {
			isa = PBXVariantGroup;
			children = (
				AC7569401F7E3AD10046486D /* Base */,
			);
			name = LaunchScreen.storyboard;
			sourceTree = "<group>";
		};
/* End PBXVariantGroup section */

/* Begin XCBuildConfiguration section */
		AC7569431F7E3AD10046486D /* Debug */ = {
			isa = XCBuildConfiguration;
			buildSettings = {
				ALWAYS_SEARCH_USER_PATHS = NO;
				CLANG_ANALYZER_NONNULL = YES;
				CLANG_ANALYZER_NUMBER_OBJECT_CONVERSION = YES_AGGRESSIVE;
				CLANG_CXX_LANGUAGE_STANDARD = "gnu++0x";
				CLANG_CXX_LIBRARY = "libc++";
				CLANG_ENABLE_MODULES = YES;
				CLANG_ENABLE_OBJC_ARC = YES;
				CLANG_WARN_BOOL_CONVERSION = YES;
				CLANG_WARN_CONSTANT_CONVERSION = YES;
				CLANG_WARN_DIRECT_OBJC_ISA_USAGE = YES_ERROR;
				CLANG_WARN_DOCUMENTATION_COMMENTS = YES;
				CLANG_WARN_EMPTY_BODY = YES;
				CLANG_WARN_ENUM_CONVERSION = YES;
				CLANG_WARN_INFINITE_RECURSION = YES;
				CLANG_WARN_INT_CONVERSION = YES;
				CLANG_WARN_OBJC_ROOT_CLASS = YES_ERROR;
				CLANG_WARN_SUSPICIOUS_MOVE = YES;
				CLANG_WARN_UNREACHABLE_CODE = YES;
				CLANG_WARN__DUPLICATE_METHOD_MATCH = YES;
				"CODE_SIGN_IDENTITY[sdk=iphoneos*]" = "iPhone Developer";
				COPY_PHASE_STRIP = NO;
				DEBUG_INFORMATION_FORMAT = dwarf;
				ENABLE_STRICT_OBJC_MSGSEND = YES;
				ENABLE_TESTABILITY = YES;
				GCC_C_LANGUAGE_STANDARD = gnu99;
				GCC_DYNAMIC_NO_PIC = NO;
				GCC_NO_COMMON_BLOCKS = YES;
				GCC_OPTIMIZATION_LEVEL = 0;
				GCC_PREPROCESSOR_DEFINITIONS = (
					"DEBUG=1",
					"$(inherited)",
				);
				GCC_WARN_64_TO_32_BIT_CONVERSION = YES;
				GCC_WARN_ABOUT_RETURN_TYPE = YES_ERROR;
				GCC_WARN_UNDECLARED_SELECTOR = YES;
				GCC_WARN_UNINITIALIZED_AUTOS = YES_AGGRESSIVE;
				GCC_WARN_UNUSED_FUNCTION = YES;
				GCC_WARN_UNUSED_VARIABLE = YES;
				IPHONEOS_DEPLOYMENT_TARGET = 10.3;
				MTL_ENABLE_DEBUG_INFO = YES;
				ONLY_ACTIVE_ARCH = YES;
				SDKROOT = iphoneos;
				SWIFT_ACTIVE_COMPILATION_CONDITIONS = DEBUG;
				SWIFT_OPTIMIZATION_LEVEL = "-Onone";
			};
			name = Debug;
		};
		AC7569441F7E3AD10046486D /* Release */ = {
			isa = XCBuildConfiguration;
			buildSettings = {
				ALWAYS_SEARCH_USER_PATHS = NO;
				CLANG_ANALYZER_NONNULL = YES;
				CLANG_ANALYZER_NUMBER_OBJECT_CONVERSION = YES_AGGRESSIVE;
				CLANG_CXX_LANGUAGE_STANDARD = "gnu++0x";
				CLANG_CXX_LIBRARY = "libc++";
				CLANG_ENABLE_MODULES = YES;
				CLANG_ENABLE_OBJC_ARC = YES;
				CLANG_WARN_BOOL_CONVERSION = YES;
				CLANG_WARN_CONSTANT_CONVERSION = YES;
				CLANG_WARN_DIRECT_OBJC_ISA_USAGE = YES_ERROR;
				CLANG_WARN_DOCUMENTATION_COMMENTS = YES;
				CLANG_WARN_EMPTY_BODY = YES;
				CLANG_WARN_ENUM_CONVERSION = YES;
				CLANG_WARN_INFINITE_RECURSION = YES;
				CLANG_WARN_INT_CONVERSION = YES;
				CLANG_WARN_OBJC_ROOT_CLASS = YES_ERROR;
				CLANG_WARN_SUSPICIOUS_MOVE = YES;
				CLANG_WARN_UNREACHABLE_CODE = YES;
				CLANG_WARN__DUPLICATE_METHOD_MATCH = YES;
				"CODE_SIGN_IDENTITY[sdk=iphoneos*]" = "iPhone Developer";
				COPY_PHASE_STRIP = NO;
				DEBUG_INFORMATION_FORMAT = "dwarf-with-dsym";
				ENABLE_NS_ASSERTIONS = NO;
				ENABLE_STRICT_OBJC_MSGSEND = YES;
				GCC_C_LANGUAGE_STANDARD = gnu99;
				GCC_NO_COMMON_BLOCKS = YES;
				GCC_WARN_64_TO_32_BIT_CONVERSION = YES;
				GCC_WARN_ABOUT_RETURN_TYPE = YES_ERROR;
				GCC_WARN_UNDECLARED_SELECTOR = YES;
				GCC_WARN_UNINITIALIZED_AUTOS = YES_AGGRESSIVE;
				GCC_WARN_UNUSED_FUNCTION = YES;
				GCC_WARN_UNUSED_VARIABLE = YES;
				IPHONEOS_DEPLOYMENT_TARGET = 10.3;
				MTL_ENABLE_DEBUG_INFO = NO;
				SDKROOT = iphoneos;
				SWIFT_OPTIMIZATION_LEVEL = "-Owholemodule";
				VALIDATE_PRODUCT = YES;
			};
			name = Release;
		};
		AC7569461F7E3AD10046486D /* Debug */ = {
			isa = XCBuildConfiguration;
			buildSettings = {
				ASSETCATALOG_COMPILER_APPICON_NAME = AppIcon;
				DEVELOPMENT_TEAM = SYLT36L949;
				INFOPLIST_FILE = TrailingLine/Info.plist;
				LD_RUNPATH_SEARCH_PATHS = "$(inherited) @executable_path/Frameworks";
				PRODUCT_BUNDLE_IDENTIFIER = com.successive.adhoc.TrailingLine;
				PRODUCT_NAME = "$(TARGET_NAME)";
				SWIFT_VERSION = 3.0;
			};
			name = Debug;
		};
		AC7569471F7E3AD10046486D /* Release */ = {
			isa = XCBuildConfiguration;
			buildSettings = {
				ASSETCATALOG_COMPILER_APPICON_NAME = AppIcon;
				DEVELOPMENT_TEAM = SYLT36L949;
				INFOPLIST_FILE = TrailingLine/Info.plist;
				LD_RUNPATH_SEARCH_PATHS = "$(inherited) @executable_path/Frameworks";
				PRODUCT_BUNDLE_IDENTIFIER = com.successive.adhoc.TrailingLine;
				PRODUCT_NAME = "$(TARGET_NAME)";
				SWIFT_VERSION = 3.0;
			};
			name = Release;
		};
/* End XCBuildConfiguration section */

/* Begin XCConfigurationList section */
		AC75692E1F7E3AD10046486D /* Build configuration list for PBXProject "TrailingLine" */ = {
			isa = XCConfigurationList;
			buildConfigurations = (
				AC7569431F7E3AD10046486D /* Debug */,
				AC7569441F7E3AD10046486D /* Release */,
			);
			defaultConfigurationIsVisible = 0;
			defaultConfigurationName = Release;
		};
		AC7569451F7E3AD10046486D /* Build configuration list for PBXNativeTarget "TrailingLine" */ = {
			isa = XCConfigurationList;
			buildConfigurations = (
				AC7569461F7E3AD10046486D /* Debug */,
				AC7569471F7E3AD10046486D /* Release */,
			);
			defaultConfigurationIsVisible = 0;
			defaultConfigurationName = Release;
		};
/* End XCConfigurationList section */
	};
	rootObject = AC75692B1F7E3AD10046486D /* Project object */;
}
